// !$*UTF8*$!
{
	archiveVersion = 1;
	classes = {
	};
	objectVersion = 48;
	objects = {

/* Begin PBXBuildFile section */
		537E64972249370400F8B95D /* CellSettingViewController.swift in Sources */ = {isa = PBXBuildFile; fileRef = 537E64962249370400F8B95D /* CellSettingViewController.swift */; };
		53828C1B220F4FC500A420DD /* AppDelegate.swift in Sources */ = {isa = PBXBuildFile; fileRef = 53828C1A220F4FC500A420DD /* AppDelegate.swift */; };
		53828C1D220F4FC500A420DD /* ViewController.swift in Sources */ = {isa = PBXBuildFile; fileRef = 53828C1C220F4FC500A420DD /* ViewController.swift */; };
		53828C20220F4FC500A420DD /* Main.storyboard in Resources */ = {isa = PBXBuildFile; fileRef = 53828C1E220F4FC500A420DD /* Main.storyboard */; };
		53828C22220F4FC500A420DD /* Assets.xcassets in Resources */ = {isa = PBXBuildFile; fileRef = 53828C21220F4FC500A420DD /* Assets.xcassets */; };
		53828C25220F4FC500A420DD /* LaunchScreen.storyboard in Resources */ = {isa = PBXBuildFile; fileRef = 53828C23220F4FC500A420DD /* LaunchScreen.storyboard */; };
		53828C30220F4FC500A420DD /* jsontestTests.swift in Sources */ = {isa = PBXBuildFile; fileRef = 53828C2F220F4FC500A420DD /* jsontestTests.swift */; };
		53828C3B220F4FC500A420DD /* jsontestUITests.swift in Sources */ = {isa = PBXBuildFile; fileRef = 53828C3A220F4FC500A420DD /* jsontestUITests.swift */; };
		53B1998B22435438006B9571 /* Alamofire.framework in Frameworks */ = {isa = PBXBuildFile; fileRef = 53B1998922435438006B9571 /* Alamofire.framework */; };
		53B1998C22435438006B9571 /* SwiftyJSON.framework in Frameworks */ = {isa = PBXBuildFile; fileRef = 53B1998A22435438006B9571 /* SwiftyJSON.framework */; };
		53B19990224548FB006B9571 /* SearchCollectionViewCell.swift in Sources */ = {isa = PBXBuildFile; fileRef = 53B1998E224548FB006B9571 /* SearchCollectionViewCell.swift */; };
		53B19991224548FB006B9571 /* SearchCollectionViewCell.xib in Resources */ = {isa = PBXBuildFile; fileRef = 53B1998F224548FB006B9571 /* SearchCollectionViewCell.xib */; };
		53B199982245F60E006B9571 /* UserCollectionViewCell.swift in Sources */ = {isa = PBXBuildFile; fileRef = 53B199962245F60E006B9571 /* UserCollectionViewCell.swift */; };
		53B199992245F60E006B9571 /* UserCollectionViewCell.xib in Resources */ = {isa = PBXBuildFile; fileRef = 53B199972245F60E006B9571 /* UserCollectionViewCell.xib */; };
		53E7B21D223C550B0018300B /* SignupViewController.swift in Sources */ = {isa = PBXBuildFile; fileRef = 53E7B21C223C550B0018300B /* SignupViewController.swift */; };
		53E7B21F223C60850018300B /* SuccessViewController.swift in Sources */ = {isa = PBXBuildFile; fileRef = 53E7B21E223C60850018300B /* SuccessViewController.swift */; };
		53E7B221223C813A0018300B /* HomeViewController.swift in Sources */ = {isa = PBXBuildFile; fileRef = 53E7B220223C813A0018300B /* HomeViewController.swift */; };
		53E7B223223C82030018300B /* UserViewController.swift in Sources */ = {isa = PBXBuildFile; fileRef = 53E7B222223C82030018300B /* UserViewController.swift */; };
		53E7B225223C821A0018300B /* SearchViewController.swift in Sources */ = {isa = PBXBuildFile; fileRef = 53E7B224223C821A0018300B /* SearchViewController.swift */; };
		53E7B227223D795A0018300B /* ForgetViewController.swift in Sources */ = {isa = PBXBuildFile; fileRef = 53E7B226223D795A0018300B /* ForgetViewController.swift */; };
		53E7B229223D826F0018300B /* AccountSettingViewController.swift in Sources */ = {isa = PBXBuildFile; fileRef = 53E7B228223D826F0018300B /* AccountSettingViewController.swift */; };
		53E7B23522404DFA0018300B /* HomeCollectionViewCell.swift in Sources */ = {isa = PBXBuildFile; fileRef = 53E7B23322404DFA0018300B /* HomeCollectionViewCell.swift */; };
		53E7B23622404DFA0018300B /* HomeCollectionViewCell.xib in Resources */ = {isa = PBXBuildFile; fileRef = 53E7B23422404DFA0018300B /* HomeCollectionViewCell.xib */; };
		5B51A321BFC7BC1B5A4B3318 /* Pods_jsontest.framework in Frameworks */ = {isa = PBXBuildFile; fileRef = CAAA857E6131907395406D93 /* Pods_jsontest.framework */; };
		A53D953CD7B152482F427EF9 /* Pods_jsontestUITests.framework in Frameworks */ = {isa = PBXBuildFile; fileRef = CCC4CB32EDB66514346FDC0A /* Pods_jsontestUITests.framework */; };
		B31B3AD6BEA8F6D4A34D5331 /* Pods_jsontestTests.framework in Frameworks */ = {isa = PBXBuildFile; fileRef = 93BC19B0260C26E48568867D /* Pods_jsontestTests.framework */; };
/* End PBXBuildFile section */

/* Begin PBXContainerItemProxy section */
		53828C2C220F4FC500A420DD /* PBXContainerItemProxy */ = {
			isa = PBXContainerItemProxy;
			containerPortal = 53828C0F220F4FC500A420DD /* Project object */;
			proxyType = 1;
			remoteGlobalIDString = 53828C16220F4FC500A420DD;
			remoteInfo = jsontest;
		};
		53828C37220F4FC500A420DD /* PBXContainerItemProxy */ = {
			isa = PBXContainerItemProxy;
			containerPortal = 53828C0F220F4FC500A420DD /* Project object */;
			proxyType = 1;
			remoteGlobalIDString = 53828C16220F4FC500A420DD;
			remoteInfo = jsontest;
		};
/* End PBXContainerItemProxy section */

/* Begin PBXFileReference section */
		09F7F1FDD26FEF7305841AF5 /* Pods-jsontestTests.release.xcconfig */ = {isa = PBXFileReference; includeInIndex = 1; lastKnownFileType = text.xcconfig; name = "Pods-jsontestTests.release.xcconfig"; path = "Target Support Files/Pods-jsontestTests/Pods-jsontestTests.release.xcconfig"; sourceTree = "<group>"; };
		537E64962249370400F8B95D /* CellSettingViewController.swift */ = {isa = PBXFileReference; lastKnownFileType = sourcecode.swift; path = CellSettingViewController.swift; sourceTree = "<group>"; };
		537E649822493EC200F8B95D /* ChromaColorPicker */ = {isa = PBXFileReference; lastKnownFileType = folder; name = ChromaColorPicker; path = Carthage/Checkouts/ChromaColorPicker; sourceTree = "<group>"; };
		53828C17220F4FC500A420DD /* jsontest.app */ = {isa = PBXFileReference; explicitFileType = wrapper.application; includeInIndex = 0; path = jsontest.app; sourceTree = BUILT_PRODUCTS_DIR; };
		53828C1A220F4FC500A420DD /* AppDelegate.swift */ = {isa = PBXFileReference; lastKnownFileType = sourcecode.swift; path = AppDelegate.swift; sourceTree = "<group>"; };
		53828C1C220F4FC500A420DD /* ViewController.swift */ = {isa = PBXFileReference; lastKnownFileType = sourcecode.swift; path = ViewController.swift; sourceTree = "<group>"; };
		53828C1F220F4FC500A420DD /* Base */ = {isa = PBXFileReference; lastKnownFileType = file.storyboard; name = Base; path = Base.lproj/Main.storyboard; sourceTree = "<group>"; };
		53828C21220F4FC500A420DD /* Assets.xcassets */ = {isa = PBXFileReference; lastKnownFileType = folder.assetcatalog; path = Assets.xcassets; sourceTree = "<group>"; };
		53828C24220F4FC500A420DD /* Base */ = {isa = PBXFileReference; lastKnownFileType = file.storyboard; name = Base; path = Base.lproj/LaunchScreen.storyboard; sourceTree = "<group>"; };
		53828C26220F4FC500A420DD /* Info.plist */ = {isa = PBXFileReference; lastKnownFileType = text.plist.xml; path = Info.plist; sourceTree = "<group>"; };
		53828C2B220F4FC500A420DD /* jsontestTests.xctest */ = {isa = PBXFileReference; explicitFileType = wrapper.cfbundle; includeInIndex = 0; path = jsontestTests.xctest; sourceTree = BUILT_PRODUCTS_DIR; };
		53828C2F220F4FC500A420DD /* jsontestTests.swift */ = {isa = PBXFileReference; lastKnownFileType = sourcecode.swift; path = jsontestTests.swift; sourceTree = "<group>"; };
		53828C31220F4FC500A420DD /* Info.plist */ = {isa = PBXFileReference; lastKnownFileType = text.plist.xml; path = Info.plist; sourceTree = "<group>"; };
		53828C36220F4FC500A420DD /* jsontestUITests.xctest */ = {isa = PBXFileReference; explicitFileType = wrapper.cfbundle; includeInIndex = 0; path = jsontestUITests.xctest; sourceTree = BUILT_PRODUCTS_DIR; };
		53828C3A220F4FC500A420DD /* jsontestUITests.swift */ = {isa = PBXFileReference; lastKnownFileType = sourcecode.swift; path = jsontestUITests.swift; sourceTree = "<group>"; };
		53828C3C220F4FC500A420DD /* Info.plist */ = {isa = PBXFileReference; lastKnownFileType = text.plist.xml; path = Info.plist; sourceTree = "<group>"; };
		53B1998922435438006B9571 /* Alamofire.framework */ = {isa = PBXFileReference; lastKnownFileType = wrapper.framework; name = Alamofire.framework; path = Carthage/Build/iOS/Alamofire.framework; sourceTree = "<group>"; };
		53B1998A22435438006B9571 /* SwiftyJSON.framework */ = {isa = PBXFileReference; lastKnownFileType = wrapper.framework; name = SwiftyJSON.framework; path = Carthage/Build/iOS/SwiftyJSON.framework; sourceTree = "<group>"; };
		53B1998E224548FB006B9571 /* SearchCollectionViewCell.swift */ = {isa = PBXFileReference; lastKnownFileType = sourcecode.swift; path = SearchCollectionViewCell.swift; sourceTree = "<group>"; };
		53B1998F224548FB006B9571 /* SearchCollectionViewCell.xib */ = {isa = PBXFileReference; lastKnownFileType = file.xib; path = SearchCollectionViewCell.xib; sourceTree = "<group>"; };
		53B199962245F60E006B9571 /* UserCollectionViewCell.swift */ = {isa = PBXFileReference; lastKnownFileType = sourcecode.swift; path = UserCollectionViewCell.swift; sourceTree = "<group>"; };
		53B199972245F60E006B9571 /* UserCollectionViewCell.xib */ = {isa = PBXFileReference; lastKnownFileType = file.xib; path = UserCollectionViewCell.xib; sourceTree = "<group>"; };
		53E7B21C223C550B0018300B /* SignupViewController.swift */ = {isa = PBXFileReference; lastKnownFileType = sourcecode.swift; path = SignupViewController.swift; sourceTree = "<group>"; };
		53E7B21E223C60850018300B /* SuccessViewController.swift */ = {isa = PBXFileReference; lastKnownFileType = sourcecode.swift; path = SuccessViewController.swift; sourceTree = "<group>"; };
		53E7B220223C813A0018300B /* HomeViewController.swift */ = {isa = PBXFileReference; lastKnownFileType = sourcecode.swift; path = HomeViewController.swift; sourceTree = "<group>"; };
		53E7B222223C82030018300B /* UserViewController.swift */ = {isa = PBXFileReference; lastKnownFileType = sourcecode.swift; path = UserViewController.swift; sourceTree = "<group>"; };
		53E7B224223C821A0018300B /* SearchViewController.swift */ = {isa = PBXFileReference; lastKnownFileType = sourcecode.swift; path = SearchViewController.swift; sourceTree = "<group>"; };
		53E7B226223D795A0018300B /* ForgetViewController.swift */ = {isa = PBXFileReference; lastKnownFileType = sourcecode.swift; path = ForgetViewController.swift; sourceTree = "<group>"; };
		53E7B228223D826F0018300B /* AccountSettingViewController.swift */ = {isa = PBXFileReference; lastKnownFileType = sourcecode.swift; path = AccountSettingViewController.swift; sourceTree = "<group>"; };
		53E7B23322404DFA0018300B /* HomeCollectionViewCell.swift */ = {isa = PBXFileReference; lastKnownFileType = sourcecode.swift; path = HomeCollectionViewCell.swift; sourceTree = "<group>"; };
		53E7B23422404DFA0018300B /* HomeCollectionViewCell.xib */ = {isa = PBXFileReference; lastKnownFileType = file.xib; path = HomeCollectionViewCell.xib; sourceTree = "<group>"; };
		6B497A77483C5F834065113E /* Pods-jsontest.debug.xcconfig */ = {isa = PBXFileReference; includeInIndex = 1; lastKnownFileType = text.xcconfig; name = "Pods-jsontest.debug.xcconfig"; path = "Target Support Files/Pods-jsontest/Pods-jsontest.debug.xcconfig"; sourceTree = "<group>"; };
		6EA632A4E132AA732C8749EE /* Pods-jsontestTests.debug.xcconfig */ = {isa = PBXFileReference; includeInIndex = 1; lastKnownFileType = text.xcconfig; name = "Pods-jsontestTests.debug.xcconfig"; path = "Target Support Files/Pods-jsontestTests/Pods-jsontestTests.debug.xcconfig"; sourceTree = "<group>"; };
		7DEDA7091F86A9DE51863B60 /* Pods-jsontestUITests.release.xcconfig */ = {isa = PBXFileReference; includeInIndex = 1; lastKnownFileType = text.xcconfig; name = "Pods-jsontestUITests.release.xcconfig"; path = "Target Support Files/Pods-jsontestUITests/Pods-jsontestUITests.release.xcconfig"; sourceTree = "<group>"; };
		93BC19B0260C26E48568867D /* Pods_jsontestTests.framework */ = {isa = PBXFileReference; explicitFileType = wrapper.framework; includeInIndex = 0; path = Pods_jsontestTests.framework; sourceTree = BUILT_PRODUCTS_DIR; };
		C0215248773A3DB5C38F4EEF /* Pods-jsontest.release.xcconfig */ = {isa = PBXFileReference; includeInIndex = 1; lastKnownFileType = text.xcconfig; name = "Pods-jsontest.release.xcconfig"; path = "Target Support Files/Pods-jsontest/Pods-jsontest.release.xcconfig"; sourceTree = "<group>"; };
		CAAA857E6131907395406D93 /* Pods_jsontest.framework */ = {isa = PBXFileReference; explicitFileType = wrapper.framework; includeInIndex = 0; path = Pods_jsontest.framework; sourceTree = BUILT_PRODUCTS_DIR; };
		CCC4CB32EDB66514346FDC0A /* Pods_jsontestUITests.framework */ = {isa = PBXFileReference; explicitFileType = wrapper.framework; includeInIndex = 0; path = Pods_jsontestUITests.framework; sourceTree = BUILT_PRODUCTS_DIR; };
		DAFB8356DA30354F165F7895 /* Pods-jsontestUITests.debug.xcconfig */ = {isa = PBXFileReference; includeInIndex = 1; lastKnownFileType = text.xcconfig; name = "Pods-jsontestUITests.debug.xcconfig"; path = "Target Support Files/Pods-jsontestUITests/Pods-jsontestUITests.debug.xcconfig"; sourceTree = "<group>"; };
/* End PBXFileReference section */

/* Begin PBXFrameworksBuildPhase section */
		53828C14220F4FC500A420DD /* Frameworks */ = {
			isa = PBXFrameworksBuildPhase;
			buildActionMask = 2147483647;
			files = (
				53B1998B22435438006B9571 /* Alamofire.framework in Frameworks */,
				53B1998C22435438006B9571 /* SwiftyJSON.framework in Frameworks */,
				5B51A321BFC7BC1B5A4B3318 /* Pods_jsontest.framework in Frameworks */,
			);
			runOnlyForDeploymentPostprocessing = 0;
		};
		53828C28220F4FC500A420DD /* Frameworks */ = {
			isa = PBXFrameworksBuildPhase;
			buildActionMask = 2147483647;
			files = (
				B31B3AD6BEA8F6D4A34D5331 /* Pods_jsontestTests.framework in Frameworks */,
			);
			runOnlyForDeploymentPostprocessing = 0;
		};
		53828C33220F4FC500A420DD /* Frameworks */ = {
			isa = PBXFrameworksBuildPhase;
			buildActionMask = 2147483647;
			files = (
				A53D953CD7B152482F427EF9 /* Pods_jsontestUITests.framework in Frameworks */,
			);
			runOnlyForDeploymentPostprocessing = 0;
		};
/* End PBXFrameworksBuildPhase section */

/* Begin PBXGroup section */
		53828C0E220F4FC500A420DD = {
			isa = PBXGroup;
			children = (
				53828C19220F4FC500A420DD /* jsontest */,
				53828C2E220F4FC500A420DD /* jsontestTests */,
				53828C39220F4FC500A420DD /* jsontestUITests */,
				53828C18220F4FC500A420DD /* Products */,
				53B1998822435437006B9571 /* Frameworks */,
				E0D7C26BA30B5694DC5829C7 /* Pods */,
			);
			sourceTree = "<group>";
		};
		53828C18220F4FC500A420DD /* Products */ = {
			isa = PBXGroup;
			children = (
				53828C17220F4FC500A420DD /* jsontest.app */,
				53828C2B220F4FC500A420DD /* jsontestTests.xctest */,
				53828C36220F4FC500A420DD /* jsontestUITests.xctest */,
			);
			name = Products;
			sourceTree = "<group>";
		};
		53828C19220F4FC500A420DD /* jsontest */ = {
			isa = PBXGroup;
			children = (
				53E7B23422404DFA0018300B /* HomeCollectionViewCell.xib */,
				53E7B23322404DFA0018300B /* HomeCollectionViewCell.swift */,
				53B1998F224548FB006B9571 /* SearchCollectionViewCell.xib */,
				53B1998E224548FB006B9571 /* SearchCollectionViewCell.swift */,
				53B199972245F60E006B9571 /* UserCollectionViewCell.xib */,
				53B199962245F60E006B9571 /* UserCollectionViewCell.swift */,
				53828C1A220F4FC500A420DD /* AppDelegate.swift */,
				53828C1C220F4FC500A420DD /* ViewController.swift */,
				53E7B21C223C550B0018300B /* SignupViewController.swift */,
				53E7B21E223C60850018300B /* SuccessViewController.swift */,
				53E7B220223C813A0018300B /* HomeViewController.swift */,
				53E7B224223C821A0018300B /* SearchViewController.swift */,
				53E7B222223C82030018300B /* UserViewController.swift */,
				53E7B226223D795A0018300B /* ForgetViewController.swift */,
				53E7B228223D826F0018300B /* AccountSettingViewController.swift */,
				537E64962249370400F8B95D /* CellSettingViewController.swift */,
				53828C1E220F4FC500A420DD /* Main.storyboard */,
				53828C21220F4FC500A420DD /* Assets.xcassets */,
				53828C23220F4FC500A420DD /* LaunchScreen.storyboard */,
				53828C26220F4FC500A420DD /* Info.plist */,
			);
			path = jsontest;
			sourceTree = "<group>";
		};
		53828C2E220F4FC500A420DD /* jsontestTests */ = {
			isa = PBXGroup;
			children = (
				53828C2F220F4FC500A420DD /* jsontestTests.swift */,
				53828C31220F4FC500A420DD /* Info.plist */,
			);
			path = jsontestTests;
			sourceTree = "<group>";
		};
		53828C39220F4FC500A420DD /* jsontestUITests */ = {
			isa = PBXGroup;
			children = (
				53828C3A220F4FC500A420DD /* jsontestUITests.swift */,
				53828C3C220F4FC500A420DD /* Info.plist */,
			);
			path = jsontestUITests;
			sourceTree = "<group>";
		};
		53B1998822435437006B9571 /* Frameworks */ = {
			isa = PBXGroup;
			children = (
				537E649822493EC200F8B95D /* ChromaColorPicker */,
				53B1998922435438006B9571 /* Alamofire.framework */,
				53B1998A22435438006B9571 /* SwiftyJSON.framework */,
				CAAA857E6131907395406D93 /* Pods_jsontest.framework */,
				93BC19B0260C26E48568867D /* Pods_jsontestTests.framework */,
				CCC4CB32EDB66514346FDC0A /* Pods_jsontestUITests.framework */,
			);
			name = Frameworks;
			sourceTree = "<group>";
		};
		E0D7C26BA30B5694DC5829C7 /* Pods */ = {
			isa = PBXGroup;
			children = (
				6B497A77483C5F834065113E /* Pods-jsontest.debug.xcconfig */,
				C0215248773A3DB5C38F4EEF /* Pods-jsontest.release.xcconfig */,
				6EA632A4E132AA732C8749EE /* Pods-jsontestTests.debug.xcconfig */,
				09F7F1FDD26FEF7305841AF5 /* Pods-jsontestTests.release.xcconfig */,
				DAFB8356DA30354F165F7895 /* Pods-jsontestUITests.debug.xcconfig */,
				7DEDA7091F86A9DE51863B60 /* Pods-jsontestUITests.release.xcconfig */,
			);
			name = Pods;
			path = Pods;
			sourceTree = "<group>";
		};
/* End PBXGroup section */

/* Begin PBXNativeTarget section */
		53828C16220F4FC500A420DD /* jsontest */ = {
			isa = PBXNativeTarget;
			buildConfigurationList = 53828C3F220F4FC500A420DD /* Build configuration list for PBXNativeTarget "jsontest" */;
			buildPhases = (
				E2EC3DBAB5CE944ABE1F29CD /* [CP] Check Pods Manifest.lock */,
				53828C13220F4FC500A420DD /* Sources */,
				53828C14220F4FC500A420DD /* Frameworks */,
				53828C15220F4FC500A420DD /* Resources */,
				53B1998D2243544B006B9571 /* ShellScript */,
				E2EC391B08D4F8B82EAE3267 /* [CP] Embed Pods Frameworks */,
			);
			buildRules = (
			);
			dependencies = (
			);
			name = jsontest;
			productName = jsontest;
			productReference = 53828C17220F4FC500A420DD /* jsontest.app */;
			productType = "com.apple.product-type.application";
		};
		53828C2A220F4FC500A420DD /* jsontestTests */ = {
			isa = PBXNativeTarget;
			buildConfigurationList = 53828C42220F4FC500A420DD /* Build configuration list for PBXNativeTarget "jsontestTests" */;
			buildPhases = (
				44B947FC254D9C7B868D5367 /* [CP] Check Pods Manifest.lock */,
				53828C27220F4FC500A420DD /* Sources */,
				53828C28220F4FC500A420DD /* Frameworks */,
				53828C29220F4FC500A420DD /* Resources */,
			);
			buildRules = (
			);
			dependencies = (
				53828C2D220F4FC500A420DD /* PBXTargetDependency */,
			);
			name = jsontestTests;
			productName = jsontestTests;
			productReference = 53828C2B220F4FC500A420DD /* jsontestTests.xctest */;
			productType = "com.apple.product-type.bundle.unit-test";
		};
		53828C35220F4FC500A420DD /* jsontestUITests */ = {
			isa = PBXNativeTarget;
			buildConfigurationList = 53828C45220F4FC500A420DD /* Build configuration list for PBXNativeTarget "jsontestUITests" */;
			buildPhases = (
				457089E4AF8137E2F0D20F2C /* [CP] Check Pods Manifest.lock */,
				53828C32220F4FC500A420DD /* Sources */,
				53828C33220F4FC500A420DD /* Frameworks */,
				53828C34220F4FC500A420DD /* Resources */,
			);
			buildRules = (
			);
			dependencies = (
				53828C38220F4FC500A420DD /* PBXTargetDependency */,
			);
			name = jsontestUITests;
			productName = jsontestUITests;
			productReference = 53828C36220F4FC500A420DD /* jsontestUITests.xctest */;
			productType = "com.apple.product-type.bundle.ui-testing";
		};
/* End PBXNativeTarget section */

/* Begin PBXProject section */
		53828C0F220F4FC500A420DD /* Project object */ = {
			isa = PBXProject;
			attributes = {
				LastSwiftUpdateCheck = 0920;
				LastUpgradeCheck = 0920;
				ORGANIZATIONNAME = RS;
				TargetAttributes = {
					53828C16220F4FC500A420DD = {
						CreatedOnToolsVersion = 9.2;
						ProvisioningStyle = Automatic;
					};
					53828C2A220F4FC500A420DD = {
						CreatedOnToolsVersion = 9.2;
						ProvisioningStyle = Automatic;
						TestTargetID = 53828C16220F4FC500A420DD;
					};
					53828C35220F4FC500A420DD = {
						CreatedOnToolsVersion = 9.2;
						ProvisioningStyle = Automatic;
						TestTargetID = 53828C16220F4FC500A420DD;
					};
				};
			};
			buildConfigurationList = 53828C12220F4FC500A420DD /* Build configuration list for PBXProject "jsontest" */;
			compatibilityVersion = "Xcode 8.0";
			developmentRegion = en;
			hasScannedForEncodings = 0;
			knownRegions = (
				en,
				Base,
			);
			mainGroup = 53828C0E220F4FC500A420DD;
			productRefGroup = 53828C18220F4FC500A420DD /* Products */;
			projectDirPath = "";
			projectRoot = "";
			targets = (
				53828C16220F4FC500A420DD /* jsontest */,
				53828C2A220F4FC500A420DD /* jsontestTests */,
				53828C35220F4FC500A420DD /* jsontestUITests */,
			);
		};
/* End PBXProject section */

/* Begin PBXResourcesBuildPhase section */
		53828C15220F4FC500A420DD /* Resources */ = {
			isa = PBXResourcesBuildPhase;
			buildActionMask = 2147483647;
			files = (
				53E7B23622404DFA0018300B /* HomeCollectionViewCell.xib in Resources */,
				53828C25220F4FC500A420DD /* LaunchScreen.storyboard in Resources */,
				53B19991224548FB006B9571 /* SearchCollectionViewCell.xib in Resources */,
				53B199992245F60E006B9571 /* UserCollectionViewCell.xib in Resources */,
				53828C22220F4FC500A420DD /* Assets.xcassets in Resources */,
				53828C20220F4FC500A420DD /* Main.storyboard in Resources */,
			);
			runOnlyForDeploymentPostprocessing = 0;
		};
		53828C29220F4FC500A420DD /* Resources */ = {
			isa = PBXResourcesBuildPhase;
			buildActionMask = 2147483647;
			files = (
			);
			runOnlyForDeploymentPostprocessing = 0;
		};
		53828C34220F4FC500A420DD /* Resources */ = {
			isa = PBXResourcesBuildPhase;
			buildActionMask = 2147483647;
			files = (
			);
			runOnlyForDeploymentPostprocessing = 0;
		};
/* End PBXResourcesBuildPhase section */

/* Begin PBXShellScriptBuildPhase section */
		44B947FC254D9C7B868D5367 /* [CP] Check Pods Manifest.lock */ = {
			isa = PBXShellScriptBuildPhase;
			buildActionMask = 2147483647;
			files = (
			);
			inputFileListPaths = (
			);
			inputPaths = (
				"${PODS_PODFILE_DIR_PATH}/Podfile.lock",
				"${PODS_ROOT}/Manifest.lock",
			);
			name = "[CP] Check Pods Manifest.lock";
			outputFileListPaths = (
			);
			outputPaths = (
				"$(DERIVED_FILE_DIR)/Pods-jsontestTests-checkManifestLockResult.txt",
			);
			runOnlyForDeploymentPostprocessing = 0;
			shellPath = /bin/sh;
			shellScript = "diff \"${PODS_PODFILE_DIR_PATH}/Podfile.lock\" \"${PODS_ROOT}/Manifest.lock\" > /dev/null\nif [ $? != 0 ] ; then\n    # print error to STDERR\n    echo \"error: The sandbox is not in sync with the Podfile.lock. Run 'pod install' or update your CocoaPods installation.\" >&2\n    exit 1\nfi\n# This output is used by Xcode 'outputs' to avoid re-running this script phase.\necho \"SUCCESS\" > \"${SCRIPT_OUTPUT_FILE_0}\"\n";
			showEnvVarsInLog = 0;
		};
		457089E4AF8137E2F0D20F2C /* [CP] Check Pods Manifest.lock */ = {
			isa = PBXShellScriptBuildPhase;
			buildActionMask = 2147483647;
			files = (
			);
			inputFileListPaths = (
			);
			inputPaths = (
				"${PODS_PODFILE_DIR_PATH}/Podfile.lock",
				"${PODS_ROOT}/Manifest.lock",
			);
			name = "[CP] Check Pods Manifest.lock";
			outputFileListPaths = (
			);
			outputPaths = (
				"$(DERIVED_FILE_DIR)/Pods-jsontestUITests-checkManifestLockResult.txt",
			);
			runOnlyForDeploymentPostprocessing = 0;
			shellPath = /bin/sh;
			shellScript = "diff \"${PODS_PODFILE_DIR_PATH}/Podfile.lock\" \"${PODS_ROOT}/Manifest.lock\" > /dev/null\nif [ $? != 0 ] ; then\n    # print error to STDERR\n    echo \"error: The sandbox is not in sync with the Podfile.lock. Run 'pod install' or update your CocoaPods installation.\" >&2\n    exit 1\nfi\n# This output is used by Xcode 'outputs' to avoid re-running this script phase.\necho \"SUCCESS\" > \"${SCRIPT_OUTPUT_FILE_0}\"\n";
			showEnvVarsInLog = 0;
		};
		53B1998D2243544B006B9571 /* ShellScript */ = {
			isa = PBXShellScriptBuildPhase;
			buildActionMask = 2147483647;
			files = (
			);
			inputPaths = (
				"$(SRCROOT)/Carthage/Build/iOS/Alamofire.framework",
				"$(SRCROOT)/Carthage/Build/iOS/SwiftyJSON.framework",
			);
			outputPaths = (
			);
			runOnlyForDeploymentPostprocessing = 0;
			shellPath = /bin/sh;
			shellScript = "/usr/local/bin/carthage copy-frameworks";
		};
		E2EC391B08D4F8B82EAE3267 /* [CP] Embed Pods Frameworks */ = {
			isa = PBXShellScriptBuildPhase;
			buildActionMask = 2147483647;
			files = (
			);
			inputFileListPaths = (
			);
			inputPaths = (
				"${PODS_ROOT}/Target Support Files/Pods-jsontest/Pods-jsontest-frameworks.sh",
				"${BUILT_PRODUCTS_DIR}/IGColorPicker/IGColorPicker.framework",
				"${BUILT_PRODUCTS_DIR}/M13Checkbox/M13Checkbox.framework",
			);
			name = "[CP] Embed Pods Frameworks";
			outputFileListPaths = (
			);
			outputPaths = (
				"${TARGET_BUILD_DIR}/${FRAMEWORKS_FOLDER_PATH}/IGColorPicker.framework",
				"${TARGET_BUILD_DIR}/${FRAMEWORKS_FOLDER_PATH}/M13Checkbox.framework",
			);
			runOnlyForDeploymentPostprocessing = 0;
			shellPath = /bin/sh;
			shellScript = "\"${PODS_ROOT}/Target Support Files/Pods-jsontest/Pods-jsontest-frameworks.sh\"\n";
			showEnvVarsInLog = 0;
		};
		E2EC3DBAB5CE944ABE1F29CD /* [CP] Check Pods Manifest.lock */ = {
			isa = PBXShellScriptBuildPhase;
			buildActionMask = 2147483647;
			files = (
			);
			inputFileListPaths = (
			);
			inputPaths = (
				"${PODS_PODFILE_DIR_PATH}/Podfile.lock",
				"${PODS_ROOT}/Manifest.lock",
			);
			name = "[CP] Check Pods Manifest.lock";
			outputFileListPaths = (
			);
			outputPaths = (
				"$(DERIVED_FILE_DIR)/Pods-jsontest-checkManifestLockResult.txt",
			);
			runOnlyForDeploymentPostprocessing = 0;
			shellPath = /bin/sh;
			shellScript = "diff \"${PODS_PODFILE_DIR_PATH}/Podfile.lock\" \"${PODS_ROOT}/Manifest.lock\" > /dev/null\nif [ $? != 0 ] ; then\n    # print error to STDERR\n    echo \"error: The sandbox is not in sync with the Podfile.lock. Run 'pod install' or update your CocoaPods installation.\" >&2\n    exit 1\nfi\n# This output is used by Xcode 'outputs' to avoid re-running this script phase.\necho \"SUCCESS\" > \"${SCRIPT_OUTPUT_FILE_0}\"\n";
			showEnvVarsInLog = 0;
		};
/* End PBXShellScriptBuildPhase section */

/* Begin PBXSourcesBuildPhase section */
		53828C13220F4FC500A420DD /* Sources */ = {
			isa = PBXSourcesBuildPhase;
			buildActionMask = 2147483647;
			files = (
				53E7B221223C813A0018300B /* HomeViewController.swift in Sources */,
				53E7B225223C821A0018300B /* SearchViewController.swift in Sources */,
				53B19990224548FB006B9571 /* SearchCollectionViewCell.swift in Sources */,
				53E7B229223D826F0018300B /* AccountSettingViewController.swift in Sources */,
				53E7B223223C82030018300B /* UserViewController.swift in Sources */,
				537E64972249370400F8B95D /* CellSettingViewController.swift in Sources */,
				53E7B227223D795A0018300B /* ForgetViewController.swift in Sources */,
				53E7B21D223C550B0018300B /* SignupViewController.swift in Sources */,
				53E7B23522404DFA0018300B /* HomeCollectionViewCell.swift in Sources */,
				53828C1D220F4FC500A420DD /* ViewController.swift in Sources */,
				53B199982245F60E006B9571 /* UserCollectionViewCell.swift in Sources */,
				53E7B21F223C60850018300B /* SuccessViewController.swift in Sources */,
				53828C1B220F4FC500A420DD /* AppDelegate.swift in Sources */,
			);
			runOnlyForDeploymentPostprocessing = 0;
		};
		53828C27220F4FC500A420DD /* Sources */ = {
			isa = PBXSourcesBuildPhase;
			buildActionMask = 2147483647;
			files = (
				53828C30220F4FC500A420DD /* jsontestTests.swift in Sources */,
			);
			runOnlyForDeploymentPostprocessing = 0;
		};
		53828C32220F4FC500A420DD /* Sources */ = {
			isa = PBXSourcesBuildPhase;
			buildActionMask = 2147483647;
			files = (
				53828C3B220F4FC500A420DD /* jsontestUITests.swift in Sources */,
			);
			runOnlyForDeploymentPostprocessing = 0;
		};
/* End PBXSourcesBuildPhase section */

/* Begin PBXTargetDependency section */
		53828C2D220F4FC500A420DD /* PBXTargetDependency */ = {
			isa = PBXTargetDependency;
			target = 53828C16220F4FC500A420DD /* jsontest */;
			targetProxy = 53828C2C220F4FC500A420DD /* PBXContainerItemProxy */;
		};
		53828C38220F4FC500A420DD /* PBXTargetDependency */ = {
			isa = PBXTargetDependency;
			target = 53828C16220F4FC500A420DD /* jsontest */;
			targetProxy = 53828C37220F4FC500A420DD /* PBXContainerItemProxy */;
		};
/* End PBXTargetDependency section */

/* Begin PBXVariantGroup section */
		53828C1E220F4FC500A420DD /* Main.storyboard */ = {
			isa = PBXVariantGroup;
			children = (
				53828C1F220F4FC500A420DD /* Base */,
			);
			name = Main.storyboard;
			sourceTree = "<group>";
		};
		53828C23220F4FC500A420DD /* LaunchScreen.storyboard */ = {
			isa = PBXVariantGroup;
			children = (
				53828C24220F4FC500A420DD /* Base */,
			);
			name = LaunchScreen.storyboard;
			sourceTree = "<group>";
		};
/* End PBXVariantGroup section */

/* Begin XCBuildConfiguration section */
		53828C3D220F4FC500A420DD /* Debug */ = {
			isa = XCBuildConfiguration;
			buildSettings = {
				ALWAYS_SEARCH_USER_PATHS = NO;
				CLANG_ANALYZER_NONNULL = YES;
				CLANG_ANALYZER_NUMBER_OBJECT_CONVERSION = YES_AGGRESSIVE;
				CLANG_CXX_LANGUAGE_STANDARD = "gnu++14";
				CLANG_CXX_LIBRARY = "libc++";
				CLANG_ENABLE_MODULES = YES;
				CLANG_ENABLE_OBJC_ARC = YES;
				CLANG_WARN_BLOCK_CAPTURE_AUTORELEASING = YES;
				CLANG_WARN_BOOL_CONVERSION = YES;
				CLANG_WARN_COMMA = YES;
				CLANG_WARN_CONSTANT_CONVERSION = YES;
				CLANG_WARN_DIRECT_OBJC_ISA_USAGE = YES_ERROR;
				CLANG_WARN_DOCUMENTATION_COMMENTS = YES;
				CLANG_WARN_EMPTY_BODY = YES;
				CLANG_WARN_ENUM_CONVERSION = YES;
				CLANG_WARN_INFINITE_RECURSION = YES;
				CLANG_WARN_INT_CONVERSION = YES;
				CLANG_WARN_NON_LITERAL_NULL_CONVERSION = YES;
				CLANG_WARN_OBJC_LITERAL_CONVERSION = YES;
				CLANG_WARN_OBJC_ROOT_CLASS = YES_ERROR;
				CLANG_WARN_RANGE_LOOP_ANALYSIS = YES;
				CLANG_WARN_STRICT_PROTOTYPES = YES;
				CLANG_WARN_SUSPICIOUS_MOVE = YES;
				CLANG_WARN_UNGUARDED_AVAILABILITY = YES_AGGRESSIVE;
				CLANG_WARN_UNREACHABLE_CODE = YES;
				CLANG_WARN__DUPLICATE_METHOD_MATCH = YES;
				CODE_SIGN_IDENTITY = "iPhone Developer";
				COPY_PHASE_STRIP = NO;
				DEBUG_INFORMATION_FORMAT = dwarf;
				ENABLE_STRICT_OBJC_MSGSEND = YES;
				ENABLE_TESTABILITY = YES;
				GCC_C_LANGUAGE_STANDARD = gnu11;
				GCC_DYNAMIC_NO_PIC = NO;
				GCC_NO_COMMON_BLOCKS = YES;
				GCC_OPTIMIZATION_LEVEL = 0;
				GCC_PREPROCESSOR_DEFINITIONS = (
					"DEBUG=1",
					"$(inherited)",
				);
				GCC_WARN_64_TO_32_BIT_CONVERSION = YES;
				GCC_WARN_ABOUT_RETURN_TYPE = YES_ERROR;
				GCC_WARN_UNDECLARED_SELECTOR = YES;
				GCC_WARN_UNINITIALIZED_AUTOS = YES_AGGRESSIVE;
				GCC_WARN_UNUSED_FUNCTION = YES;
				GCC_WARN_UNUSED_VARIABLE = YES;
				IPHONEOS_DEPLOYMENT_TARGET = 11.2;
				MTL_ENABLE_DEBUG_INFO = YES;
				ONLY_ACTIVE_ARCH = YES;
				SDKROOT = iphoneos;
				SWIFT_ACTIVE_COMPILATION_CONDITIONS = DEBUG;
				SWIFT_OPTIMIZATION_LEVEL = "-Onone";
			};
			name = Debug;
		};
		53828C3E220F4FC500A420DD /* Release */ = {
			isa = XCBuildConfiguration;
			buildSettings = {
				ALWAYS_SEARCH_USER_PATHS = NO;
				CLANG_ANALYZER_NONNULL = YES;
				CLANG_ANALYZER_NUMBER_OBJECT_CONVERSION = YES_AGGRESSIVE;
				CLANG_CXX_LANGUAGE_STANDARD = "gnu++14";
				CLANG_CXX_LIBRARY = "libc++";
				CLANG_ENABLE_MODULES = YES;
				CLANG_ENABLE_OBJC_ARC = YES;
				CLANG_WARN_BLOCK_CAPTURE_AUTORELEASING = YES;
				CLANG_WARN_BOOL_CONVERSION = YES;
				CLANG_WARN_COMMA = YES;
				CLANG_WARN_CONSTANT_CONVERSION = YES;
				CLANG_WARN_DIRECT_OBJC_ISA_USAGE = YES_ERROR;
				CLANG_WARN_DOCUMENTATION_COMMENTS = YES;
				CLANG_WARN_EMPTY_BODY = YES;
				CLANG_WARN_ENUM_CONVERSION = YES;
				CLANG_WARN_INFINITE_RECURSION = YES;
				CLANG_WARN_INT_CONVERSION = YES;
				CLANG_WARN_NON_LITERAL_NULL_CONVERSION = YES;
				CLANG_WARN_OBJC_LITERAL_CONVERSION = YES;
				CLANG_WARN_OBJC_ROOT_CLASS = YES_ERROR;
				CLANG_WARN_RANGE_LOOP_ANALYSIS = YES;
				CLANG_WARN_STRICT_PROTOTYPES = YES;
				CLANG_WARN_SUSPICIOUS_MOVE = YES;
				CLANG_WARN_UNGUARDED_AVAILABILITY = YES_AGGRESSIVE;
				CLANG_WARN_UNREACHABLE_CODE = YES;
				CLANG_WARN__DUPLICATE_METHOD_MATCH = YES;
				CODE_SIGN_IDENTITY = "iPhone Developer";
				COPY_PHASE_STRIP = NO;
				DEBUG_INFORMATION_FORMAT = "dwarf-with-dsym";
				ENABLE_NS_ASSERTIONS = NO;
				ENABLE_STRICT_OBJC_MSGSEND = YES;
				GCC_C_LANGUAGE_STANDARD = gnu11;
				GCC_NO_COMMON_BLOCKS = YES;
				GCC_WARN_64_TO_32_BIT_CONVERSION = YES;
				GCC_WARN_ABOUT_RETURN_TYPE = YES_ERROR;
				GCC_WARN_UNDECLARED_SELECTOR = YES;
				GCC_WARN_UNINITIALIZED_AUTOS = YES_AGGRESSIVE;
				GCC_WARN_UNUSED_FUNCTION = YES;
				GCC_WARN_UNUSED_VARIABLE = YES;
				IPHONEOS_DEPLOYMENT_TARGET = 11.2;
				MTL_ENABLE_DEBUG_INFO = NO;
				SDKROOT = iphoneos;
				SWIFT_OPTIMIZATION_LEVEL = "-Owholemodule";
				VALIDATE_PRODUCT = YES;
			};
			name = Release;
		};
		53828C40220F4FC500A420DD /* Debug */ = {
			isa = XCBuildConfiguration;
			baseConfigurationReference = 6B497A77483C5F834065113E /* Pods-jsontest.debug.xcconfig */;
			buildSettings = {
				ASSETCATALOG_COMPILER_APPICON_NAME = AppIcon;
				CODE_SIGN_STYLE = Automatic;
				FRAMEWORK_SEARCH_PATHS = (
					"$(inherited)",
					"$(PROJECT_DIR)/Carthage/Build/iOS",
				);
				INFOPLIST_FILE = jsontest/Info.plist;
				LD_RUNPATH_SEARCH_PATHS = "$(inherited) @executable_path/Frameworks";
				PRODUCT_BUNDLE_IDENTIFIER = Words.jsontest;
				PRODUCT_NAME = "$(TARGET_NAME)";
				SWIFT_VERSION = 4.0;
				TARGETED_DEVICE_FAMILY = "1,2";
			};
			name = Debug;
		};
		53828C41220F4FC500A420DD /* Release */ = {
			isa = XCBuildConfiguration;
			baseConfigurationReference = C0215248773A3DB5C38F4EEF /* Pods-jsontest.release.xcconfig */;
			buildSettings = {
				ASSETCATALOG_COMPILER_APPICON_NAME = AppIcon;
				CODE_SIGN_STYLE = Automatic;
				FRAMEWORK_SEARCH_PATHS = (
					"$(inherited)",
					"$(PROJECT_DIR)/Carthage/Build/iOS",
				);
				INFOPLIST_FILE = jsontest/Info.plist;
				LD_RUNPATH_SEARCH_PATHS = "$(inherited) @executable_path/Frameworks";
				PRODUCT_BUNDLE_IDENTIFIER = Words.jsontest;
				PRODUCT_NAME = "$(TARGET_NAME)";
				SWIFT_VERSION = 4.0;
				TARGETED_DEVICE_FAMILY = "1,2";
			};
			name = Release;
		};
		53828C43220F4FC500A420DD /* Debug */ = {
			isa = XCBuildConfiguration;
			baseConfigurationReference = 6EA632A4E132AA732C8749EE /* Pods-jsontestTests.debug.xcconfig */;
			buildSettings = {
				ALWAYS_EMBED_SWIFT_STANDARD_LIBRARIES = YES;
				BUNDLE_LOADER = "$(TEST_HOST)";
				CODE_SIGN_STYLE = Automatic;
				INFOPLIST_FILE = jsontestTests/Info.plist;
				LD_RUNPATH_SEARCH_PATHS = "$(inherited) @executable_path/Frameworks @loader_path/Frameworks";
				PRODUCT_BUNDLE_IDENTIFIER = Words.jsontestTests;
				PRODUCT_NAME = "$(TARGET_NAME)";
				SWIFT_VERSION = 4.0;
				TARGETED_DEVICE_FAMILY = "1,2";
				TEST_HOST = "$(BUILT_PRODUCTS_DIR)/jsontest.app/jsontest";
			};
			name = Debug;
		};
		53828C44220F4FC500A420DD /* Release */ = {
			isa = XCBuildConfiguration;
			baseConfigurationReference = 09F7F1FDD26FEF7305841AF5 /* Pods-jsontestTests.release.xcconfig */;
			buildSettings = {
				ALWAYS_EMBED_SWIFT_STANDARD_LIBRARIES = YES;
				BUNDLE_LOADER = "$(TEST_HOST)";
				CODE_SIGN_STYLE = Automatic;
				INFOPLIST_FILE = jsontestTests/Info.plist;
				LD_RUNPATH_SEARCH_PATHS = "$(inherited) @executable_path/Frameworks @loader_path/Frameworks";
				PRODUCT_BUNDLE_IDENTIFIER = Words.jsontestTests;
				PRODUCT_NAME = "$(TARGET_NAME)";
				SWIFT_VERSION = 4.0;
				TARGETED_DEVICE_FAMILY = "1,2";
				TEST_HOST = "$(BUILT_PRODUCTS_DIR)/jsontest.app/jsontest";
			};
			name = Release;
		};
		53828C46220F4FC500A420DD /* Debug */ = {
			isa = XCBuildConfiguration;
			baseConfigurationReference = DAFB8356DA30354F165F7895 /* Pods-jsontestUITests.debug.xcconfig */;
			buildSettings = {
				ALWAYS_EMBED_SWIFT_STANDARD_LIBRARIES = YES;
				CODE_SIGN_STYLE = Automatic;
				INFOPLIST_FILE = jsontestUITests/Info.plist;
				LD_RUNPATH_SEARCH_PATHS = "$(inherited) @executable_path/Frameworks @loader_path/Frameworks";
				PRODUCT_BUNDLE_IDENTIFIER = Words.jsontestUITests;
				PRODUCT_NAME = "$(TARGET_NAME)";
				SWIFT_VERSION = 4.0;
				TARGETED_DEVICE_FAMILY = "1,2";
				TEST_TARGET_NAME = jsontest;
			};
			name = Debug;
		};
		53828C47220F4FC500A420DD /* Release */ = {
			isa = XCBuildConfiguration;
			baseConfigurationReference = 7DEDA7091F86A9DE51863B60 /* Pods-jsontestUITests.release.xcconfig */;
			buildSettings = {
				ALWAYS_EMBED_SWIFT_STANDARD_LIBRARIES = YES;
				CODE_SIGN_STYLE = Automatic;
				INFOPLIST_FILE = jsontestUITests/Info.plist;
				LD_RUNPATH_SEARCH_PATHS = "$(inherited) @executable_path/Frameworks @loader_path/Frameworks";
				PRODUCT_BUNDLE_IDENTIFIER = Words.jsontestUITests;
				PRODUCT_NAME = "$(TARGET_NAME)";
				SWIFT_VERSION = 4.0;
				TARGETED_DEVICE_FAMILY = "1,2";
				TEST_TARGET_NAME = jsontest;
			};
			name = Release;
		};
/* End XCBuildConfiguration section */

/* Begin XCConfigurationList section */
		53828C12220F4FC500A420DD /* Build configuration list for PBXProject "jsontest" */ = {
			isa = XCConfigurationList;
			buildConfigurations = (
				53828C3D220F4FC500A420DD /* Debug */,
				53828C3E220F4FC500A420DD /* Release */,
			);
			defaultConfigurationIsVisible = 0;
			defaultConfigurationName = Release;
		};
		53828C3F220F4FC500A420DD /* Build configuration list for PBXNativeTarget "jsontest" */ = {
			isa = XCConfigurationList;
			buildConfigurations = (
				53828C40220F4FC500A420DD /* Debug */,
				53828C41220F4FC500A420DD /* Release */,
			);
			defaultConfigurationIsVisible = 0;
			defaultConfigurationName = Release;
		};
		53828C42220F4FC500A420DD /* Build configuration list for PBXNativeTarget "jsontestTests" */ = {
			isa = XCConfigurationList;
			buildConfigurations = (
				53828C43220F4FC500A420DD /* Debug */,
				53828C44220F4FC500A420DD /* Release */,
			);
			defaultConfigurationIsVisible = 0;
			defaultConfigurationName = Release;
		};
		53828C45220F4FC500A420DD /* Build configuration list for PBXNativeTarget "jsontestUITests" */ = {
			isa = XCConfigurationList;
			buildConfigurations = (
				53828C46220F4FC500A420DD /* Debug */,
				53828C47220F4FC500A420DD /* Release */,
			);
			defaultConfigurationIsVisible = 0;
			defaultConfigurationName = Release;
		};
/* End XCConfigurationList section */
	};
	rootObject = 53828C0F220F4FC500A420DD /* Project object */;
}
